
Microsoft Visual Studio Solution File, Format Version 12.00
# Visual Studio Version 16
VisualStudioVersion = 16.0.31410.357
MinimumVisualStudioVersion = 10.0.40219.1
Project("{9A19103F-16F7-4668-BE54-9A1E7A4F7556}") = "UserMicroservice", "UserMicroservice\UserMicroservice.csproj", "{DB961805-2603-47E8-93E0-B737BAFF7487}"
EndProject
Project("{E53339B2-1760-4266-BCC7-CA923CBCF16C}") = "docker-compose", "docker-compose.dcproj", "{6D82F9E3-FCAE-4A32-8DA8-86F9E1469F28}"
EndProject
Project("{9A19103F-16F7-4668-BE54-9A1E7A4F7556}") = "EventMicroservice", "EventMicroservice\EventMicroservice.csproj", "{E0F6C5A3-AE6F-4196-B6AE-4C6D1D185ECE}"
EndProject
Project("{9A19103F-16F7-4668-BE54-9A1E7A4F7556}") = "Models", "Models\Models.csproj", "{573C4CF2-33BA-47FC-A978-57FBE9B77FE9}"
EndProject
Project("{FAE04EC0-301F-11D3-BF4B-00C04F79EFBC}") = "StreamingMicroservice", "StreamingMicroservice\StreamingMicroservice.csproj", "{F8B59684-DB9D-4258-8AFD-6BFE9818AA8C}"
EndProject
Global
	GlobalSection(SolutionConfigurationPlatforms) = preSolution
		Debug|Any CPU = Debug|Any CPU
		Release|Any CPU = Release|Any CPU
	EndGlobalSection
	GlobalSection(ProjectConfigurationPlatforms) = postSolution
		{DB961805-2603-47E8-93E0-B737BAFF7487}.Debug|Any CPU.ActiveCfg = Debug|Any CPU
		{DB961805-2603-47E8-93E0-B737BAFF7487}.Debug|Any CPU.Build.0 = Debug|Any CPU
		{DB961805-2603-47E8-93E0-B737BAFF7487}.Release|Any CPU.ActiveCfg = Release|Any CPU
		{DB961805-2603-47E8-93E0-B737BAFF7487}.Release|Any CPU.Build.0 = Release|Any CPU
		{6D82F9E3-FCAE-4A32-8DA8-86F9E1469F28}.Debug|Any CPU.ActiveCfg = Debug|Any CPU
		{6D82F9E3-FCAE-4A32-8DA8-86F9E1469F28}.Debug|Any CPU.Build.0 = Debug|Any CPU
		{6D82F9E3-FCAE-4A32-8DA8-86F9E1469F28}.Release|Any CPU.ActiveCfg = Release|Any CPU
		{6D82F9E3-FCAE-4A32-8DA8-86F9E1469F28}.Release|Any CPU.Build.0 = Release|Any CPU
		{E0F6C5A3-AE6F-4196-B6AE-4C6D1D185ECE}.Debug|Any CPU.ActiveCfg = Debug|Any CPU
		{E0F6C5A3-AE6F-4196-B6AE-4C6D1D185ECE}.Debug|Any CPU.Build.0 = Debug|Any CPU
		{E0F6C5A3-AE6F-4196-B6AE-4C6D1D185ECE}.Release|Any CPU.ActiveCfg = Release|Any CPU
		{E0F6C5A3-AE6F-4196-B6AE-4C6D1D185ECE}.Release|Any CPU.Build.0 = Release|Any CPU
		{573C4CF2-33BA-47FC-A978-57FBE9B77FE9}.Debug|Any CPU.ActiveCfg = Debug|Any CPU
		{573C4CF2-33BA-47FC-A978-57FBE9B77FE9}.Debug|Any CPU.Build.0 = Debug|Any CPU
		{573C4CF2-33BA-47FC-A978-57FBE9B77FE9}.Release|Any CPU.ActiveCfg = Release|Any CPU
		{573C4CF2-33BA-47FC-A978-57FBE9B77FE9}.Release|Any CPU.Build.0 = Release|Any CPU
		{F8B59684-DB9D-4258-8AFD-6BFE9818AA8C}.Debug|Any CPU.ActiveCfg = Debug|Any CPU
		{F8B59684-DB9D-4258-8AFD-6BFE9818AA8C}.Debug|Any CPU.Build.0 = Debug|Any CPU
		{F8B59684-DB9D-4258-8AFD-6BFE9818AA8C}.Release|Any CPU.ActiveCfg = Release|Any CPU
		{F8B59684-DB9D-4258-8AFD-6BFE9818AA8C}.Release|Any CPU.Build.0 = Release|Any CPU
	EndGlobalSection
	GlobalSection(SolutionProperties) = preSolution
		HideSolutionNode = FALSE
	EndGlobalSection
	GlobalSection(ExtensibilityGlobals) = postSolution
		SolutionGuid = {622996F9-251D-4BC7-8026-B7DBAF1ADAC9}
	EndGlobalSection
EndGlobal
